
Microsoft Visual Studio Solution File, Format Version 12.00
# Visual Studio Version 17
VisualStudioVersion = 17.0.31903.59
MinimumVisualStudioVersion = 10.0.40219.1
Project("{FAE04EC0-301F-11D3-BF4B-00C04F79EFBC}") = "WebApplication1", "WebApplication1\WebApplication1.csproj", "{4DBC8BD3-68EB-4C78-937D-BD87A4856534}"
EndProject
Project("{FAE04EC0-301F-11D3-BF4B-00C04F79EFBC}") = "Model", "Model\Model.csproj", "{0A80FF17-61CF-47B7-896D-4B26D0FB363C}"
EndProject
Project("{FAE04EC0-301F-11D3-BF4B-00C04F79EFBC}") = "Repository", "Repository\Repository.csproj", "{30381E8E-D756-43D5-AA76-BC2ADFEA66C7}"
EndProject
Global
	GlobalSection(SolutionConfigurationPlatforms) = preSolution
		Debug|Any CPU = Debug|Any CPU
		Release|Any CPU = Release|Any CPU
	EndGlobalSection
	GlobalSection(ProjectConfigurationPlatforms) = postSolution
		{4DBC8BD3-68EB-4C78-937D-BD87A4856534}.Debug|Any CPU.ActiveCfg = Debug|Any CPU
		{4DBC8BD3-68EB-4C78-937D-BD87A4856534}.Debug|Any CPU.Build.0 = Debug|Any CPU
		{4DBC8BD3-68EB-4C78-937D-BD87A4856534}.Release|Any CPU.ActiveCfg = Release|Any CPU
		{4DBC8BD3-68EB-4C78-937D-BD87A4856534}.Release|Any CPU.Build.0 = Release|Any CPU
		{0A80FF17-61CF-47B7-896D-4B26D0FB363C}.Debug|Any CPU.ActiveCfg = Debug|Any CPU
		{0A80FF17-61CF-47B7-896D-4B26D0FB363C}.Debug|Any CPU.Build.0 = Debug|Any CPU
		{0A80FF17-61CF-47B7-896D-4B26D0FB363C}.Release|Any CPU.ActiveCfg = Release|Any CPU
		{0A80FF17-61CF-47B7-896D-4B26D0FB363C}.Release|Any CPU.Build.0 = Release|Any CPU
		{30381E8E-D756-43D5-AA76-BC2ADFEA66C7}.Debug|Any CPU.ActiveCfg = Debug|Any CPU
		{30381E8E-D756-43D5-AA76-BC2ADFEA66C7}.Debug|Any CPU.Build.0 = Debug|Any CPU
		{30381E8E-D756-43D5-AA76-BC2ADFEA66C7}.Release|Any CPU.ActiveCfg = Release|Any CPU
		{30381E8E-D756-43D5-AA76-BC2ADFEA66C7}.Release|Any CPU.Build.0 = Release|Any CPU
	EndGlobalSection
	GlobalSection(SolutionProperties) = preSolution
		HideSolutionNode = FALSE
	EndGlobalSection
	GlobalSection(ExtensibilityGlobals) = postSolution
		SolutionGuid = {B8D892C0-F432-4E02-AD1E-92E397FF2449}
	EndGlobalSection
EndGlobal
