
Microsoft Visual Studio Solution File, Format Version 12.00
# Visual Studio Version 17
VisualStudioVersion = 17.4.33213.308
MinimumVisualStudioVersion = 10.0.40219.1
Project("{9A19103F-16F7-4668-BE54-9A1E7A4F7556}") = "CI-platform", "CI-platform\CI-platform.csproj", "{07D5D421-2114-45E8-878A-0472A49FCF01}"
EndProject
Project("{9A19103F-16F7-4668-BE54-9A1E7A4F7556}") = "CI.Models", "CI.Models\CI.Models.csproj", "{7EE3E4DE-A599-4A94-9EEC-F22F10E312C9}"
EndProject
Project("{9A19103F-16F7-4668-BE54-9A1E7A4F7556}") = "CI.Repository", "CI.DataAcess\CI.Repository.csproj", "{17746600-1C09-487B-94A6-1841DC9897F3}"
EndProject
Global
	GlobalSection(SolutionConfigurationPlatforms) = preSolution
		Debug|Any CPU = Debug|Any CPU
		Release|Any CPU = Release|Any CPU
	EndGlobalSection
	GlobalSection(ProjectConfigurationPlatforms) = postSolution
		{07D5D421-2114-45E8-878A-0472A49FCF01}.Debug|Any CPU.ActiveCfg = Debug|Any CPU
		{07D5D421-2114-45E8-878A-0472A49FCF01}.Debug|Any CPU.Build.0 = Debug|Any CPU
		{07D5D421-2114-45E8-878A-0472A49FCF01}.Release|Any CPU.ActiveCfg = Release|Any CPU
		{07D5D421-2114-45E8-878A-0472A49FCF01}.Release|Any CPU.Build.0 = Release|Any CPU
		{7EE3E4DE-A599-4A94-9EEC-F22F10E312C9}.Debug|Any CPU.ActiveCfg = Debug|Any CPU
		{7EE3E4DE-A599-4A94-9EEC-F22F10E312C9}.Debug|Any CPU.Build.0 = Debug|Any CPU
		{7EE3E4DE-A599-4A94-9EEC-F22F10E312C9}.Release|Any CPU.ActiveCfg = Release|Any CPU
		{7EE3E4DE-A599-4A94-9EEC-F22F10E312C9}.Release|Any CPU.Build.0 = Release|Any CPU
		{17746600-1C09-487B-94A6-1841DC9897F3}.Debug|Any CPU.ActiveCfg = Debug|Any CPU
		{17746600-1C09-487B-94A6-1841DC9897F3}.Debug|Any CPU.Build.0 = Debug|Any CPU
		{17746600-1C09-487B-94A6-1841DC9897F3}.Release|Any CPU.ActiveCfg = Release|Any CPU
		{17746600-1C09-487B-94A6-1841DC9897F3}.Release|Any CPU.Build.0 = Release|Any CPU
	EndGlobalSection
	GlobalSection(SolutionProperties) = preSolution
		HideSolutionNode = FALSE
	EndGlobalSection
	GlobalSection(ExtensibilityGlobals) = postSolution
		SolutionGuid = {B7DDAB9D-3078-4EE5-B6E8-8E241CB851D7}
	EndGlobalSection
EndGlobal
