
Microsoft Visual Studio Solution File, Format Version 12.00
# Visual Studio Version 17
VisualStudioVersion = 17.4.33213.308
MinimumVisualStudioVersion = 10.0.40219.1
Project("{FAE04EC0-301F-11D3-BF4B-00C04F79EFBC}") = "BullkyBookWeb", "BullkyBookWeb\BullkyBookWeb.csproj", "{BF4E52D8-D0CA-4F92-B9C4-11D26DB3792A}"
EndProject
Global
	GlobalSection(SolutionConfigurationPlatforms) = preSolution
		Debug|Any CPU = Debug|Any CPU
		Release|Any CPU = Release|Any CPU
	EndGlobalSection
	GlobalSection(ProjectConfigurationPlatforms) = postSolution
		{BF4E52D8-D0CA-4F92-B9C4-11D26DB3792A}.Debug|Any CPU.ActiveCfg = Debug|Any CPU
		{BF4E52D8-D0CA-4F92-B9C4-11D26DB3792A}.Debug|Any CPU.Build.0 = Debug|Any CPU
		{BF4E52D8-D0CA-4F92-B9C4-11D26DB3792A}.Release|Any CPU.ActiveCfg = Release|Any CPU
		{BF4E52D8-D0CA-4F92-B9C4-11D26DB3792A}.Release|Any CPU.Build.0 = Release|Any CPU
	EndGlobalSection
	GlobalSection(SolutionProperties) = preSolution
		HideSolutionNode = FALSE
	EndGlobalSection
	GlobalSection(ExtensibilityGlobals) = postSolution
		SolutionGuid = {26950FBE-23F5-4E85-84BC-B7AADCC47B92}
	EndGlobalSection
EndGlobal
